
Microsoft Visual Studio Solution File, Format Version 12.00
# Visual Studio Version 16
VisualStudioVersion = 16.0.29326.143
MinimumVisualStudioVersion = 10.0.40219.1
Project("{FAE04EC0-301F-11D3-BF4B-00C04F79EFBC}") = "PortfolioFrontEnd", "PortfolioFrontEnd\PortfolioFrontEnd.csproj", "{B763F48B-2C1C-4AB7-826E-8DA5305495B5}"
EndProject
Project("{FAE04EC0-301F-11D3-BF4B-00C04F79EFBC}") = "DCMSDataAccessLayer", "DCMSDataAccessLayer\DCMSDataAccessLayer.csproj", "{D39EE148-42F2-4351-BE20-F577955F0BA3}"
EndProject
Project("{FAE04EC0-301F-11D3-BF4B-00C04F79EFBC}") = "DCMS", "DCMS\DCMS.csproj", "{5847F416-B6D8-4D8F-B01E-D9D68B4E4F56}"
EndProject
Project("{FAE04EC0-301F-11D3-BF4B-00C04F79EFBC}") = "JobPortal", "JobPortal\JobPortal.csproj", "{8FFA1FF4-4B13-4DAD-8868-734005FDDED7}"
EndProject
Project("{FAE04EC0-301F-11D3-BF4B-00C04F79EFBC}") = "HomeFinance", "HomeFinance\HomeFinance.csproj", "{97EA332A-242B-4912-B2CA-1993F0A4AE68}"
EndProject
Global
	GlobalSection(SolutionConfigurationPlatforms) = preSolution
		Debug|Any CPU = Debug|Any CPU
		Release|Any CPU = Release|Any CPU
	EndGlobalSection
	GlobalSection(ProjectConfigurationPlatforms) = postSolution
		{B763F48B-2C1C-4AB7-826E-8DA5305495B5}.Debug|Any CPU.ActiveCfg = Debug|Any CPU
		{B763F48B-2C1C-4AB7-826E-8DA5305495B5}.Debug|Any CPU.Build.0 = Debug|Any CPU
		{B763F48B-2C1C-4AB7-826E-8DA5305495B5}.Release|Any CPU.ActiveCfg = Release|Any CPU
		{B763F48B-2C1C-4AB7-826E-8DA5305495B5}.Release|Any CPU.Build.0 = Release|Any CPU
		{D39EE148-42F2-4351-BE20-F577955F0BA3}.Debug|Any CPU.ActiveCfg = Debug|Any CPU
		{D39EE148-42F2-4351-BE20-F577955F0BA3}.Debug|Any CPU.Build.0 = Debug|Any CPU
		{D39EE148-42F2-4351-BE20-F577955F0BA3}.Release|Any CPU.ActiveCfg = Release|Any CPU
		{D39EE148-42F2-4351-BE20-F577955F0BA3}.Release|Any CPU.Build.0 = Release|Any CPU
		{5847F416-B6D8-4D8F-B01E-D9D68B4E4F56}.Debug|Any CPU.ActiveCfg = Debug|Any CPU
		{5847F416-B6D8-4D8F-B01E-D9D68B4E4F56}.Debug|Any CPU.Build.0 = Debug|Any CPU
		{5847F416-B6D8-4D8F-B01E-D9D68B4E4F56}.Release|Any CPU.ActiveCfg = Release|Any CPU
		{5847F416-B6D8-4D8F-B01E-D9D68B4E4F56}.Release|Any CPU.Build.0 = Release|Any CPU
		{8FFA1FF4-4B13-4DAD-8868-734005FDDED7}.Debug|Any CPU.ActiveCfg = Debug|Any CPU
		{8FFA1FF4-4B13-4DAD-8868-734005FDDED7}.Debug|Any CPU.Build.0 = Debug|Any CPU
		{8FFA1FF4-4B13-4DAD-8868-734005FDDED7}.Release|Any CPU.ActiveCfg = Release|Any CPU
		{8FFA1FF4-4B13-4DAD-8868-734005FDDED7}.Release|Any CPU.Build.0 = Release|Any CPU
		{97EA332A-242B-4912-B2CA-1993F0A4AE68}.Debug|Any CPU.ActiveCfg = Debug|Any CPU
		{97EA332A-242B-4912-B2CA-1993F0A4AE68}.Debug|Any CPU.Build.0 = Debug|Any CPU
		{97EA332A-242B-4912-B2CA-1993F0A4AE68}.Release|Any CPU.ActiveCfg = Release|Any CPU
		{97EA332A-242B-4912-B2CA-1993F0A4AE68}.Release|Any CPU.Build.0 = Release|Any CPU
	EndGlobalSection
	GlobalSection(SolutionProperties) = preSolution
		HideSolutionNode = FALSE
	EndGlobalSection
	GlobalSection(ExtensibilityGlobals) = postSolution
		SolutionGuid = {9BB473BC-03BD-4537-ACAD-FF743666DA05}
	EndGlobalSection
EndGlobal
